
Microsoft Visual Studio Solution File, Format Version 12.00
# Visual Studio Version 17
VisualStudioVersion = 17.14.36301.6 d17.14
MinimumVisualStudioVersion = 10.0.40219.1
Project("{FAE04EC0-301F-11D3-BF4B-00C04F79EFBC}") = "SleepTimer", "SleepTimer\SleepTimer.csproj", "{6E278C6E-85AF-46A8-BF40-787215C1A05D}"
EndProject
Global
	GlobalSection(SolutionConfigurationPlatforms) = preSolution
		Debug|Any CPU = Debug|Any CPU
		Release|Any CPU = Release|Any CPU
	EndGlobalSection
	GlobalSection(ProjectConfigurationPlatforms) = postSolution
		{6E278C6E-85AF-46A8-BF40-787215C1A05D}.Debug|Any CPU.ActiveCfg = Debug|Any CPU
		{6E278C6E-85AF-46A8-BF40-787215C1A05D}.Debug|Any CPU.Build.0 = Debug|Any CPU
		{6E278C6E-85AF-46A8-BF40-787215C1A05D}.Release|Any CPU.ActiveCfg = Release|Any CPU
		{6E278C6E-85AF-46A8-BF40-787215C1A05D}.Release|Any CPU.Build.0 = Release|Any CPU
	EndGlobalSection
	GlobalSection(SolutionProperties) = preSolution
		HideSolutionNode = FALSE
	EndGlobalSection
	GlobalSection(ExtensibilityGlobals) = postSolution
		SolutionGuid = {9F2C3085-1631-4A1A-BC59-BD2BEF8EDF36}
	EndGlobalSection
EndGlobal
